
Microsoft Visual Studio Solution File, Format Version 12.00
# Visual Studio Version 17
VisualStudioVersion = 17.13.35931.197 d17.13
MinimumVisualStudioVersion = 10.0.40219.1
Project("{FAE04EC0-301F-11D3-BF4B-00C04F79EFBC}") = "Construct Binary Tree from Inorder and Postorder Traversal", "Construct Binary Tree from Inorder and Postorder Traversal.csproj", "{31027D7A-3D57-4A9F-BBF6-503D0D067954}"
EndProject
Global
	GlobalSection(SolutionConfigurationPlatforms) = preSolution
		Debug|Any CPU = Debug|Any CPU
		Release|Any CPU = Release|Any CPU
	EndGlobalSection
	GlobalSection(ProjectConfigurationPlatforms) = postSolution
		{31027D7A-3D57-4A9F-BBF6-503D0D067954}.Debug|Any CPU.ActiveCfg = Debug|Any CPU
		{31027D7A-3D57-4A9F-BBF6-503D0D067954}.Debug|Any CPU.Build.0 = Debug|Any CPU
		{31027D7A-3D57-4A9F-BBF6-503D0D067954}.Release|Any CPU.ActiveCfg = Release|Any CPU
		{31027D7A-3D57-4A9F-BBF6-503D0D067954}.Release|Any CPU.Build.0 = Release|Any CPU
	EndGlobalSection
	GlobalSection(SolutionProperties) = preSolution
		HideSolutionNode = FALSE
	EndGlobalSection
	GlobalSection(ExtensibilityGlobals) = postSolution
		SolutionGuid = {0287D18B-0F11-4341-A52C-D6242DFDF0E1}
	EndGlobalSection
EndGlobal
