
Microsoft Visual Studio Solution File, Format Version 12.00
# Visual Studio Version 17
VisualStudioVersion = 17.13.35818.85 d17.13
MinimumVisualStudioVersion = 10.0.40219.1
Project("{FAE04EC0-301F-11D3-BF4B-00C04F79EFBC}") = "Reverse Words in a String III", "Reverse Words in a String III.csproj", "{2169B8D6-2DD7-40C9-8101-14EFC4B96FC7}"
EndProject
Global
	GlobalSection(SolutionConfigurationPlatforms) = preSolution
		Debug|Any CPU = Debug|Any CPU
		Release|Any CPU = Release|Any CPU
	EndGlobalSection
	GlobalSection(ProjectConfigurationPlatforms) = postSolution
		{2169B8D6-2DD7-40C9-8101-14EFC4B96FC7}.Debug|Any CPU.ActiveCfg = Debug|Any CPU
		{2169B8D6-2DD7-40C9-8101-14EFC4B96FC7}.Debug|Any CPU.Build.0 = Debug|Any CPU
		{2169B8D6-2DD7-40C9-8101-14EFC4B96FC7}.Release|Any CPU.ActiveCfg = Release|Any CPU
		{2169B8D6-2DD7-40C9-8101-14EFC4B96FC7}.Release|Any CPU.Build.0 = Release|Any CPU
	EndGlobalSection
	GlobalSection(SolutionProperties) = preSolution
		HideSolutionNode = FALSE
	EndGlobalSection
	GlobalSection(ExtensibilityGlobals) = postSolution
		SolutionGuid = {F57E444C-D732-44C5-BF7E-6F5E4C28D8B7}
	EndGlobalSection
EndGlobal
