
Microsoft Visual Studio Solution File, Format Version 12.00
# Visual Studio Version 17
VisualStudioVersion = 17.13.35818.85 d17.13
MinimumVisualStudioVersion = 10.0.40219.1
Project("{FAE04EC0-301F-11D3-BF4B-00C04F79EFBC}") = "Number of Steps to Reduce a Number to Zero", "Number of Steps to Reduce a Number to Zero.csproj", "{71450C89-99DB-487F-8981-9B64EDAC5208}"
EndProject
Global
	GlobalSection(SolutionConfigurationPlatforms) = preSolution
		Debug|Any CPU = Debug|Any CPU
		Release|Any CPU = Release|Any CPU
	EndGlobalSection
	GlobalSection(ProjectConfigurationPlatforms) = postSolution
		{71450C89-99DB-487F-8981-9B64EDAC5208}.Debug|Any CPU.ActiveCfg = Debug|Any CPU
		{71450C89-99DB-487F-8981-9B64EDAC5208}.Debug|Any CPU.Build.0 = Debug|Any CPU
		{71450C89-99DB-487F-8981-9B64EDAC5208}.Release|Any CPU.ActiveCfg = Release|Any CPU
		{71450C89-99DB-487F-8981-9B64EDAC5208}.Release|Any CPU.Build.0 = Release|Any CPU
	EndGlobalSection
	GlobalSection(SolutionProperties) = preSolution
		HideSolutionNode = FALSE
	EndGlobalSection
	GlobalSection(ExtensibilityGlobals) = postSolution
		SolutionGuid = {A2D276E3-8A2F-449B-A6D6-B261B7DFA6CC}
	EndGlobalSection
EndGlobal
