
Microsoft Visual Studio Solution File, Format Version 12.00
# Visual Studio Version 17
VisualStudioVersion = 17.14.36203.30 d17.14
MinimumVisualStudioVersion = 10.0.40219.1
Project("{FAE04EC0-301F-11D3-BF4B-00C04F79EFBC}") = "Coin Change", "Coin Change.csproj", "{8BBFE105-D8F8-44F5-8231-3F0671B19471}"
EndProject
Global
	GlobalSection(SolutionConfigurationPlatforms) = preSolution
		Debug|Any CPU = Debug|Any CPU
		Release|Any CPU = Release|Any CPU
	EndGlobalSection
	GlobalSection(ProjectConfigurationPlatforms) = postSolution
		{8BBFE105-D8F8-44F5-8231-3F0671B19471}.Debug|Any CPU.ActiveCfg = Debug|Any CPU
		{8BBFE105-D8F8-44F5-8231-3F0671B19471}.Debug|Any CPU.Build.0 = Debug|Any CPU
		{8BBFE105-D8F8-44F5-8231-3F0671B19471}.Release|Any CPU.ActiveCfg = Release|Any CPU
		{8BBFE105-D8F8-44F5-8231-3F0671B19471}.Release|Any CPU.Build.0 = Release|Any CPU
	EndGlobalSection
	GlobalSection(SolutionProperties) = preSolution
		HideSolutionNode = FALSE
	EndGlobalSection
	GlobalSection(ExtensibilityGlobals) = postSolution
		SolutionGuid = {F429AAA4-7C0B-41D5-BD58-7A38DF11BB19}
	EndGlobalSection
EndGlobal
